// !$*UTF8*$!
{
	archiveVersion = 1;
	classes = {
	};
	objectVersion = 46;
	objects = {

/* Begin PBXBuildFile section */
		2FFB86661E3E4C9200667DCC /* AppDelegate.swift in Sources */ = {isa = PBXBuildFile; fileRef = 2FFB86651E3E4C9200667DCC /* AppDelegate.swift */; };
		2FFB86681E3E4C9200667DCC /* ViewController.swift in Sources */ = {isa = PBXBuildFile; fileRef = 2FFB86671E3E4C9200667DCC /* ViewController.swift */; };
		2FFB866B1E3E4C9200667DCC /* Main.storyboard in Resources */ = {isa = PBXBuildFile; fileRef = 2FFB86691E3E4C9200667DCC /* Main.storyboard */; };
		2FFB866D1E3E4C9200667DCC /* Assets.xcassets in Resources */ = {isa = PBXBuildFile; fileRef = 2FFB866C1E3E4C9200667DCC /* Assets.xcassets */; };
		2FFB86701E3E4C9200667DCC /* LaunchScreen.storyboard in Resources */ = {isa = PBXBuildFile; fileRef = 2FFB866E1E3E4C9200667DCC /* LaunchScreen.storyboard */; };
		2FFB867A1E3E569700667DCC /* CustomOverlayView.xib in Resources */ = {isa = PBXBuildFile; fileRef = 2FFB86791E3E569700667DCC /* CustomOverlayView.xib */; };
		2FFB867C1E3E56B200667DCC /* CustomOverlayView.swift in Sources */ = {isa = PBXBuildFile; fileRef = 2FFB867B1E3E56B200667DCC /* CustomOverlayView.swift */; };
/* End PBXBuildFile section */

/* Begin PBXFileReference section */
		2FFB86621E3E4C9200667DCC /* CustomCamera.app */ = {isa = PBXFileReference; explicitFileType = wrapper.application; includeInIndex = 0; path = CustomCamera.app; sourceTree = BUILT_PRODUCTS_DIR; };
		2FFB86651E3E4C9200667DCC /* AppDelegate.swift */ = {isa = PBXFileReference; lastKnownFileType = sourcecode.swift; path = AppDelegate.swift; sourceTree = "<group>"; };
		2FFB86671E3E4C9200667DCC /* ViewController.swift */ = {isa = PBXFileReference; lastKnownFileType = sourcecode.swift; path = ViewController.swift; sourceTree = "<group>"; };
		2FFB866A1E3E4C9200667DCC /* Base */ = {isa = PBXFileReference; lastKnownFileType = file.storyboard; name = Base; path = Base.lproj/Main.storyboard; sourceTree = "<group>"; };
		2FFB866C1E3E4C9200667DCC /* Assets.xcassets */ = {isa = PBXFileReference; lastKnownFileType = folder.assetcatalog; path = Assets.xcassets; sourceTree = "<group>"; };
		2FFB866F1E3E4C9200667DCC /* Base */ = {isa = PBXFileReference; lastKnownFileType = file.storyboard; name = Base; path = Base.lproj/LaunchScreen.storyboard; sourceTree = "<group>"; };
		2FFB86711E3E4C9200667DCC /* Info.plist */ = {isa = PBXFileReference; lastKnownFileType = text.plist.xml; path = Info.plist; sourceTree = "<group>"; };
		2FFB86791E3E569700667DCC /* CustomOverlayView.xib */ = {isa = PBXFileReference; fileEncoding = 4; lastKnownFileType = file.xib; path = CustomOverlayView.xib; sourceTree = "<group>"; };
		2FFB867B1E3E56B200667DCC /* CustomOverlayView.swift */ = {isa = PBXFileReference; fileEncoding = 4; lastKnownFileType = sourcecode.swift; path = CustomOverlayView.swift; sourceTree = "<group>"; };
/* End PBXFileReference section */

/* Begin PBXFrameworksBuildPhase section */
		2FFB865F1E3E4C9200667DCC /* Frameworks */ = {
			isa = PBXFrameworksBuildPhase;
			buildActionMask = 2147483647;
			files = (
			);
			runOnlyForDeploymentPostprocessing = 0;
		};
/* End PBXFrameworksBuildPhase section */

/* Begin PBXGroup section */
		2FFB86591E3E4C9200667DCC = {
			isa = PBXGroup;
			children = (
				2FFB86641E3E4C9200667DCC /* CustomCamera */,
				2FFB86631E3E4C9200667DCC /* Products */,
			);
			sourceTree = "<group>";
		};
		2FFB86631E3E4C9200667DCC /* Products */ = {
			isa = PBXGroup;
			children = (
				2FFB86621E3E4C9200667DCC /* CustomCamera.app */,
			);
			name = Products;
			sourceTree = "<group>";
		};
		2FFB86641E3E4C9200667DCC /* CustomCamera */ = {
			isa = PBXGroup;
			children = (
				2FFB86651E3E4C9200667DCC /* AppDelegate.swift */,
				2FFB86671E3E4C9200667DCC /* ViewController.swift */,
				2FFB86691E3E4C9200667DCC /* Main.storyboard */,
				2FFB866C1E3E4C9200667DCC /* Assets.xcassets */,
				2FFB866E1E3E4C9200667DCC /* LaunchScreen.storyboard */,
				2FFB86711E3E4C9200667DCC /* Info.plist */,
				2FFB86791E3E569700667DCC /* CustomOverlayView.xib */,
				2FFB867B1E3E56B200667DCC /* CustomOverlayView.swift */,
			);
			path = CustomCamera;
			sourceTree = "<group>";
		};
/* End PBXGroup section */

/* Begin PBXNativeTarget section */
		2FFB86611E3E4C9200667DCC /* CustomCamera */ = {
			isa = PBXNativeTarget;
			buildConfigurationList = 2FFB86741E3E4C9200667DCC /* Build configuration list for PBXNativeTarget "CustomCamera" */;
			buildPhases = (
				2FFB865E1E3E4C9200667DCC /* Sources */,
				2FFB865F1E3E4C9200667DCC /* Frameworks */,
				2FFB86601E3E4C9200667DCC /* Resources */,
			);
			buildRules = (
			);
			dependencies = (
			);
			name = CustomCamera;
			productName = CustomCamera;
			productReference = 2FFB86621E3E4C9200667DCC /* CustomCamera.app */;
			productType = "com.apple.product-type.application";
		};
/* End PBXNativeTarget section */

/* Begin PBXProject section */
		2FFB865A1E3E4C9200667DCC /* Project object */ = {
			isa = PBXProject;
			attributes = {
				LastSwiftUpdateCheck = 0820;
				LastUpgradeCheck = 0820;
				ORGANIZATIONNAME = "Rokon Uddin";
				TargetAttributes = {
					2FFB86611E3E4C9200667DCC = {
						CreatedOnToolsVersion = 8.2.1;
						DevelopmentTeam = 683XF89Q4E;
						ProvisioningStyle = Automatic;
					};
				};
			};
			buildConfigurationList = 2FFB865D1E3E4C9200667DCC /* Build configuration list for PBXProject "CustomCamera" */;
			compatibilityVersion = "Xcode 3.2";
			developmentRegion = English;
			hasScannedForEncodings = 0;
			knownRegions = (
				en,
				Base,
			);
			mainGroup = 2FFB86591E3E4C9200667DCC;
			productRefGroup = 2FFB86631E3E4C9200667DCC /* Products */;
			projectDirPath = "";
			projectRoot = "";
			targets = (
				2FFB86611E3E4C9200667DCC /* CustomCamera */,
			);
		};
/* End PBXProject section */

/* Begin PBXResourcesBuildPhase section */
		2FFB86601E3E4C9200667DCC /* Resources */ = {
			isa = PBXResourcesBuildPhase;
			buildActionMask = 2147483647;
			files = (
				2FFB86701E3E4C9200667DCC /* LaunchScreen.storyboard in Resources */,
				2FFB866D1E3E4C9200667DCC /* Assets.xcassets in Resources */,
				2FFB866B1E3E4C9200667DCC /* Main.storyboard in Resources */,
				2FFB867A1E3E569700667DCC /* CustomOverlayView.xib in Resources */,
			);
			runOnlyForDeploymentPostprocessing = 0;
		};
/* End PBXResourcesBuildPhase section */

/* Begin PBXSourcesBuildPhase section */
		2FFB865E1E3E4C9200667DCC /* Sources */ = {
			isa = PBXSourcesBuildPhase;
			buildActionMask = 2147483647;
			files = (
				2FFB86681E3E4C9200667DCC /* ViewController.swift in Sources */,
				2FFB86661E3E4C9200667DCC /* AppDelegate.swift in Sources */,
				2FFB867C1E3E56B200667DCC /* CustomOverlayView.swift in Sources */,
			);
			runOnlyForDeploymentPostprocessing = 0;
		};
/* End PBXSourcesBuildPhase section */

/* Begin PBXVariantGroup section */
		2FFB86691E3E4C9200667DCC /* Main.storyboard */ = {
			isa = PBXVariantGroup;
			children = (
				2FFB866A1E3E4C9200667DCC /* Base */,
			);
			name = Main.storyboard;
			sourceTree = "<group>";
		};
		2FFB866E1E3E4C9200667DCC /* LaunchScreen.storyboard */ = {
			isa = PBXVariantGroup;
			children = (
				2FFB866F1E3E4C9200667DCC /* Base */,
			);
			name = LaunchScreen.storyboard;
			sourceTree = "<group>";
		};
/* End PBXVariantGroup section */

/* Begin XCBuildConfiguration section */
		2FFB86721E3E4C9200667DCC /* Debug */ = {
			isa = XCBuildConfiguration;
			buildSettings = {
				ALWAYS_SEARCH_USER_PATHS = NO;
				CLANG_ANALYZER_NONNULL = YES;
				CLANG_CXX_LANGUAGE_STANDARD = "gnu++0x";
				CLANG_CXX_LIBRARY = "libc++";
				CLANG_ENABLE_MODULES = YES;
				CLANG_ENABLE_OBJC_ARC = YES;
				CLANG_WARN_BOOL_CONVERSION = YES;
				CLANG_WARN_CONSTANT_CONVERSION = YES;
				CLANG_WARN_DIRECT_OBJC_ISA_USAGE = YES_ERROR;
				CLANG_WARN_DOCUMENTATION_COMMENTS = YES;
				CLANG_WARN_EMPTY_BODY = YES;
				CLANG_WARN_ENUM_CONVERSION = YES;
				CLANG_WARN_INFINITE_RECURSION = YES;
				CLANG_WARN_INT_CONVERSION = YES;
				CLANG_WARN_OBJC_ROOT_CLASS = YES_ERROR;
				CLANG_WARN_SUSPICIOUS_MOVE = YES;
				CLANG_WARN_UNREACHABLE_CODE = YES;
				CLANG_WARN__DUPLICATE_METHOD_MATCH = YES;
				"CODE_SIGN_IDENTITY[sdk=iphoneos*]" = "iPhone Developer";
				COPY_PHASE_STRIP = NO;
				DEBUG_INFORMATION_FORMAT = dwarf;
				ENABLE_STRICT_OBJC_MSGSEND = YES;
				ENABLE_TESTABILITY = YES;
				GCC_C_LANGUAGE_STANDARD = gnu99;
				GCC_DYNAMIC_NO_PIC = NO;
				GCC_NO_COMMON_BLOCKS = YES;
				GCC_OPTIMIZATION_LEVEL = 0;
				GCC_PREPROCESSOR_DEFINITIONS = (
					"DEBUG=1",
					"$(inherited)",
				);
				GCC_WARN_64_TO_32_BIT_CONVERSION = YES;
				GCC_WARN_ABOUT_RETURN_TYPE = YES_ERROR;
				GCC_WARN_UNDECLARED_SELECTOR = YES;
				GCC_WARN_UNINITIALIZED_AUTOS = YES_AGGRESSIVE;
				GCC_WARN_UNUSED_FUNCTION = YES;
				GCC_WARN_UNUSED_VARIABLE = YES;
				IPHONEOS_DEPLOYMENT_TARGET = 10.2;
				MTL_ENABLE_DEBUG_INFO = YES;
				ONLY_ACTIVE_ARCH = YES;
				SDKROOT = iphoneos;
				SWIFT_ACTIVE_COMPILATION_CONDITIONS = DEBUG;
				SWIFT_OPTIMIZATION_LEVEL = "-Onone";
				TARGETED_DEVICE_FAMILY = "1,2";
			};
			name = Debug;
		};
		2FFB86731E3E4C9200667DCC /* Release */ = {
			isa = XCBuildConfiguration;
			buildSettings = {
				ALWAYS_SEARCH_USER_PATHS = NO;
				CLANG_ANALYZER_NONNULL = YES;
				CLANG_CXX_LANGUAGE_STANDARD = "gnu++0x";
				CLANG_CXX_LIBRARY = "libc++";
				CLANG_ENABLE_MODULES = YES;
				CLANG_ENABLE_OBJC_ARC = YES;
				CLANG_WARN_BOOL_CONVERSION = YES;
				CLANG_WARN_CONSTANT_CONVERSION = YES;
				CLANG_WARN_DIRECT_OBJC_ISA_USAGE = YES_ERROR;
				CLANG_WARN_DOCUMENTATION_COMMENTS = YES;
				CLANG_WARN_EMPTY_BODY = YES;
				CLANG_WARN_ENUM_CONVERSION = YES;
				CLANG_WARN_INFINITE_RECURSION = YES;
				CLANG_WARN_INT_CONVERSION = YES;
				CLANG_WARN_OBJC_ROOT_CLASS = YES_ERROR;
				CLANG_WARN_SUSPICIOUS_MOVE = YES;
				CLANG_WARN_UNREACHABLE_CODE = YES;
				CLANG_WARN__DUPLICATE_METHOD_MATCH = YES;
				"CODE_SIGN_IDENTITY[sdk=iphoneos*]" = "iPhone Developer";
				COPY_PHASE_STRIP = NO;
				DEBUG_INFORMATION_FORMAT = "dwarf-with-dsym";
				ENABLE_NS_ASSERTIONS = NO;
				ENABLE_STRICT_OBJC_MSGSEND = YES;
				GCC_C_LANGUAGE_STANDARD = gnu99;
				GCC_NO_COMMON_BLOCKS = YES;
				GCC_WARN_64_TO_32_BIT_CONVERSION = YES;
				GCC_WARN_ABOUT_RETURN_TYPE = YES_ERROR;
				GCC_WARN_UNDECLARED_SELECTOR = YES;
				GCC_WARN_UNINITIALIZED_AUTOS = YES_AGGRESSIVE;
				GCC_WARN_UNUSED_FUNCTION = YES;
				GCC_WARN_UNUSED_VARIABLE = YES;
				IPHONEOS_DEPLOYMENT_TARGET = 10.2;
				MTL_ENABLE_DEBUG_INFO = NO;
				SDKROOT = iphoneos;
				SWIFT_OPTIMIZATION_LEVEL = "-Owholemodule";
				TARGETED_DEVICE_FAMILY = "1,2";
				VALIDATE_PRODUCT = YES;
			};
			name = Release;
		};
		2FFB86751E3E4C9200667DCC /* Debug */ = {
			isa = XCBuildConfiguration;
			buildSettings = {
				ASSETCATALOG_COMPILER_APPICON_NAME = AppIcon;
				DEVELOPMENT_TEAM = 683XF89Q4E;
				INFOPLIST_FILE = CustomCamera/Info.plist;
				LD_RUNPATH_SEARCH_PATHS = "$(inherited) @executable_path/Frameworks";
				PRODUCT_BUNDLE_IDENTIFIER = com.enginous.rokon.CustomCamera;
				PRODUCT_NAME = "$(TARGET_NAME)";
				SWIFT_VERSION = 3.0;
			};
			name = Debug;
		};
		2FFB86761E3E4C9200667DCC /* Release */ = {
			isa = XCBuildConfiguration;
			buildSettings = {
				ASSETCATALOG_COMPILER_APPICON_NAME = AppIcon;
				DEVELOPMENT_TEAM = 683XF89Q4E;
				INFOPLIST_FILE = CustomCamera/Info.plist;
				LD_RUNPATH_SEARCH_PATHS = "$(inherited) @executable_path/Frameworks";
				PRODUCT_BUNDLE_IDENTIFIER = com.enginous.rokon.CustomCamera;
				PRODUCT_NAME = "$(TARGET_NAME)";
				SWIFT_VERSION = 3.0;
			};
			name = Release;
		};
/* End XCBuildConfiguration section */

/* Begin XCConfigurationList section */
		2FFB865D1E3E4C9200667DCC /* Build configuration list for PBXProject "CustomCamera" */ = {
			isa = XCConfigurationList;
			buildConfigurations = (
				2FFB86721E3E4C9200667DCC /* Debug */,
				2FFB86731E3E4C9200667DCC /* Release */,
			);
			defaultConfigurationIsVisible = 0;
			defaultConfigurationName = Release;
		};
		2FFB86741E3E4C9200667DCC /* Build configuration list for PBXNativeTarget "CustomCamera" */ = {
			isa = XCConfigurationList;
			buildConfigurations = (
				2FFB86751E3E4C9200667DCC /* Debug */,
				2FFB86761E3E4C9200667DCC /* Release */,
			);
			defaultConfigurationIsVisible = 0;
			defaultConfigurationName = Release;
		};
/* End XCConfigurationList section */
	};
	rootObject = 2FFB865A1E3E4C9200667DCC /* Project object */;
}
